Microsoft Visual Studio Solution File, Format Version 12.00
# Visual Studio Version 17
VisualStudioVersion = 17.5.2.0
MinimumVisualStudioVersion = 10.0.40219.1
Project("{FAE04EC0-301F-11D3-BF4B-00C04F79EFBC}") = "BankAccountSimulation", "BankAccountSimulation.csproj", "{A6D6658B-AC98-D5B1-BD4F-03AC114FA2E1}"
EndProject
Global
	GlobalSection(SolutionConfigurationPlatforms) = preSolution
		Debug|Any CPU = Debug|Any CPU
		Release|Any CPU = Release|Any CPU
	EndGlobalSection
	GlobalSection(ProjectConfigurationPlatforms) = postSolution
		{A6D6658B-AC98-D5B1-BD4F-03AC114FA2E1}.Debug|Any CPU.ActiveCfg = Debug|Any CPU
		{A6D6658B-AC98-D5B1-BD4F-03AC114FA2E1}.Debug|Any CPU.Build.0 = Debug|Any CPU
		{A6D6658B-AC98-D5B1-BD4F-03AC114FA2E1}.Release|Any CPU.ActiveCfg = Release|Any CPU
		{A6D6658B-AC98-D5B1-BD4F-03AC114FA2E1}.Release|Any CPU.Build.0 = Release|Any CPU
	EndGlobalSection
	GlobalSection(SolutionProperties) = preSolution
		HideSolutionNode = FALSE
	EndGlobalSection
	GlobalSection(ExtensibilityGlobals) = postSolution
		SolutionGuid = {C3411E9A-31C0-455F-946B-2F7805B2BB4A}
	EndGlobalSection
EndGlobal
